
Microsoft Visual Studio Solution File, Format Version 12.00
# Visual Studio 15
VisualStudioVersion = 15.0.25807.0
MinimumVisualStudioVersion = 10.0.40219.1
Project("{2150E333-8FDC-42A3-9474-1A3956D46DE8}") = "Engine", "Engine", "{72FF1AD0-EC4A-4FA8-B5A7-9CF9157E06D8}"
EndProject
Project("{2150E333-8FDC-42A3-9474-1A3956D46DE8}") = "Games", "Games", "{025AA0D4-E4EC-47C0-9BAC-7A8DC1F747E0}"
EndProject
Project("{8BC9CEB8-8B4A-11D0-8D11-00A0C91BC942}") = "UE4", "Intermediate\ProjectFiles\UE4.vcxproj", "{D36443AC-9752-4229-AF99-81CEEC4D5591}"
EndProject
Project("{8BC9CEB8-8B4A-11D0-8D11-00A0C91BC942}") = "BuildingEscape", "Intermediate\ProjectFiles\BuildingEscape.vcxproj", "{C0F0B68D-1461-4C03-B52B-7C9464A2CF09}"
EndProject
Global
	GlobalSection(SolutionConfigurationPlatforms) = preSolution
		DebugGame Editor|HTML5 = DebugGame Editor|HTML5
		DebugGame Editor|Win32 = DebugGame Editor|Win32
		DebugGame Editor|Win64 = DebugGame Editor|Win64
		DebugGame|HTML5 = DebugGame|HTML5
		DebugGame|Win32 = DebugGame|Win32
		DebugGame|Win64 = DebugGame|Win64
		Development Editor|HTML5 = Development Editor|HTML5
		Development Editor|Win32 = Development Editor|Win32
		Development Editor|Win64 = Development Editor|Win64
		Development|HTML5 = Development|HTML5
		Development|Win32 = Development|Win32
		Development|Win64 = Development|Win64
		Shipping|HTML5 = Shipping|HTML5
		Shipping|Win32 = Shipping|Win32
		Shipping|Win64 = Shipping|Win64
	EndGlobalSection
	GlobalSection(ProjectConfigurationPlatforms) = postSolution
		{C0F0B68D-1461-4C03-B52B-7C9464A2CF09}.DebugGame Editor|HTML5.ActiveCfg = HTML5_DebugGame_Editor|Win32
		{C0F0B68D-1461-4C03-B52B-7C9464A2CF09}.DebugGame Editor|Win32.ActiveCfg = DebugGame_Editor|Win32
		{C0F0B68D-1461-4C03-B52B-7C9464A2CF09}.DebugGame Editor|Win64.ActiveCfg = DebugGame_Editor|x64
		{C0F0B68D-1461-4C03-B52B-7C9464A2CF09}.DebugGame Editor|Win64.Build.0 = DebugGame_Editor|x64
		{C0F0B68D-1461-4C03-B52B-7C9464A2CF09}.DebugGame|HTML5.ActiveCfg = HTML5_DebugGame_Game|Win32
		{C0F0B68D-1461-4C03-B52B-7C9464A2CF09}.DebugGame|HTML5.Build.0 = HTML5_DebugGame_Game|Win32
		{C0F0B68D-1461-4C03-B52B-7C9464A2CF09}.DebugGame|Win32.ActiveCfg = DebugGame_Game|Win32
		{C0F0B68D-1461-4C03-B52B-7C9464A2CF09}.DebugGame|Win32.Build.0 = DebugGame_Game|Win32
		{C0F0B68D-1461-4C03-B52B-7C9464A2CF09}.DebugGame|Win64.ActiveCfg = DebugGame_Game|x64
		{C0F0B68D-1461-4C03-B52B-7C9464A2CF09}.DebugGame|Win64.Build.0 = DebugGame_Game|x64
		{C0F0B68D-1461-4C03-B52B-7C9464A2CF09}.Development Editor|HTML5.ActiveCfg = HTML5_Development_Editor|Win32
		{C0F0B68D-1461-4C03-B52B-7C9464A2CF09}.Development Editor|Win32.ActiveCfg = Development_Editor|Win32
		{C0F0B68D-1461-4C03-B52B-7C9464A2CF09}.Development Editor|Win64.ActiveCfg = Development_Editor|x64
		{C0F0B68D-1461-4C03-B52B-7C9464A2CF09}.Development Editor|Win64.Build.0 = Development_Editor|x64
		{C0F0B68D-1461-4C03-B52B-7C9464A2CF09}.Development|HTML5.ActiveCfg = HTML5_Development_Game|Win32
		{C0F0B68D-1461-4C03-B52B-7C9464A2CF09}.Development|HTML5.Build.0 = HTML5_Development_Game|Win32
		{C0F0B68D-1461-4C03-B52B-7C9464A2CF09}.Development|Win32.ActiveCfg = Development_Game|Win32
		{C0F0B68D-1461-4C03-B52B-7C9464A2CF09}.Development|Win32.Build.0 = Development_Game|Win32
		{C0F0B68D-1461-4C03-B52B-7C9464A2CF09}.Development|Win64.ActiveCfg = Development_Game|x64
		{C0F0B68D-1461-4C03-B52B-7C9464A2CF09}.Development|Win64.Build.0 = Development_Game|x64
		{C0F0B68D-1461-4C03-B52B-7C9464A2CF09}.Shipping|HTML5.ActiveCfg = HTML5_Shipping_Game|Win32
		{C0F0B68D-1461-4C03-B52B-7C9464A2CF09}.Shipping|HTML5.Build.0 = HTML5_Shipping_Game|Win32
		{C0F0B68D-1461-4C03-B52B-7C9464A2CF09}.Shipping|Win32.ActiveCfg = Shipping_Game|Win32
		{C0F0B68D-1461-4C03-B52B-7C9464A2CF09}.Shipping|Win32.Build.0 = Shipping_Game|Win32
		{C0F0B68D-1461-4C03-B52B-7C9464A2CF09}.Shipping|Win64.ActiveCfg = Shipping_Game|x64
		{C0F0B68D-1461-4C03-B52B-7C9464A2CF09}.Shipping|Win64.Build.0 = Shipping_Game|x64
	EndGlobalSection
	GlobalSection(SolutionProperties) = preSolution
		HideSolutionNode = FALSE
	EndGlobalSection
	GlobalSection(NestedProjects) = preSolution
		{D36443AC-9752-4229-AF99-81CEEC4D5591} = {72FF1AD0-EC4A-4FA8-B5A7-9CF9157E06D8}
		{C0F0B68D-1461-4C03-B52B-7C9464A2CF09} = {025AA0D4-E4EC-47C0-9BAC-7A8DC1F747E0}
	EndGlobalSection
EndGlobal
